
Microsoft Visual Studio Solution File, Format Version 12.00
# Visual Studio 14
VisualStudioVersion = 14.0.25420.1
MinimumVisualStudioVersion = 10.0.40219.1
Project("{FAE04EC0-301F-11D3-BF4B-00C04F79EFBC}") = "String.Extensions", "String.Extensions\String.Extensions.csproj", "{2425AFFB-EF3F-4DF0-ADC4-8F7BC22045CA}"
EndProject
Project("{FAE04EC0-301F-11D3-BF4B-00C04F79EFBC}") = "String.Extensions.Test", "String.Extensions.Test\String.Extensions.Test.csproj", "{2A96695E-BAA0-4BE0-97F1-C8AE2BFCA584}"
	ProjectSection(ProjectDependencies) = postProject
		{2425AFFB-EF3F-4DF0-ADC4-8F7BC22045CA} = {2425AFFB-EF3F-4DF0-ADC4-8F7BC22045CA}
	EndProjectSection
EndProject
Global
	GlobalSection(SolutionConfigurationPlatforms) = preSolution
		Debug|Any CPU = Debug|Any CPU
		Debug|ARM = Debug|ARM
		Debug|x64 = Debug|x64
		Debug|x86 = Debug|x86
		Release|Any CPU = Release|Any CPU
		Release|ARM = Release|ARM
		Release|x64 = Release|x64
		Release|x86 = Release|x86
	EndGlobalSection
	GlobalSection(ProjectConfigurationPlatforms) = postSolution
		{2425AFFB-EF3F-4DF0-ADC4-8F7BC22045CA}.Debug|Any CPU.ActiveCfg = Debug|Any CPU
		{2425AFFB-EF3F-4DF0-ADC4-8F7BC22045CA}.Debug|Any CPU.Build.0 = Debug|Any CPU
		{2425AFFB-EF3F-4DF0-ADC4-8F7BC22045CA}.Debug|ARM.ActiveCfg = Debug|Any CPU
		{2425AFFB-EF3F-4DF0-ADC4-8F7BC22045CA}.Debug|ARM.Build.0 = Debug|Any CPU
		{2425AFFB-EF3F-4DF0-ADC4-8F7BC22045CA}.Debug|x64.ActiveCfg = Debug|Any CPU
		{2425AFFB-EF3F-4DF0-ADC4-8F7BC22045CA}.Debug|x64.Build.0 = Debug|Any CPU
		{2425AFFB-EF3F-4DF0-ADC4-8F7BC22045CA}.Debug|x86.ActiveCfg = Debug|Any CPU
		{2425AFFB-EF3F-4DF0-ADC4-8F7BC22045CA}.Debug|x86.Build.0 = Debug|Any CPU
		{2425AFFB-EF3F-4DF0-ADC4-8F7BC22045CA}.Release|Any CPU.ActiveCfg = Release|Any CPU
		{2425AFFB-EF3F-4DF0-ADC4-8F7BC22045CA}.Release|Any CPU.Build.0 = Release|Any CPU
		{2425AFFB-EF3F-4DF0-ADC4-8F7BC22045CA}.Release|ARM.ActiveCfg = Release|Any CPU
		{2425AFFB-EF3F-4DF0-ADC4-8F7BC22045CA}.Release|ARM.Build.0 = Release|Any CPU
		{2425AFFB-EF3F-4DF0-ADC4-8F7BC22045CA}.Release|x64.ActiveCfg = Release|Any CPU
		{2425AFFB-EF3F-4DF0-ADC4-8F7BC22045CA}.Release|x64.Build.0 = Release|Any CPU
		{2425AFFB-EF3F-4DF0-ADC4-8F7BC22045CA}.Release|x86.ActiveCfg = Release|Any CPU
		{2425AFFB-EF3F-4DF0-ADC4-8F7BC22045CA}.Release|x86.Build.0 = Release|Any CPU
		{2A96695E-BAA0-4BE0-97F1-C8AE2BFCA584}.Debug|Any CPU.ActiveCfg = Debug|Any CPU
		{2A96695E-BAA0-4BE0-97F1-C8AE2BFCA584}.Debug|Any CPU.Build.0 = Debug|Any CPU
		{2A96695E-BAA0-4BE0-97F1-C8AE2BFCA584}.Debug|ARM.ActiveCfg = Debug|Any CPU
		{2A96695E-BAA0-4BE0-97F1-C8AE2BFCA584}.Debug|ARM.Build.0 = Debug|Any CPU
		{2A96695E-BAA0-4BE0-97F1-C8AE2BFCA584}.Debug|x64.ActiveCfg = Debug|Any CPU
		{2A96695E-BAA0-4BE0-97F1-C8AE2BFCA584}.Debug|x64.Build.0 = Debug|Any CPU
		{2A96695E-BAA0-4BE0-97F1-C8AE2BFCA584}.Debug|x86.ActiveCfg = Debug|Any CPU
		{2A96695E-BAA0-4BE0-97F1-C8AE2BFCA584}.Debug|x86.Build.0 = Debug|Any CPU
		{2A96695E-BAA0-4BE0-97F1-C8AE2BFCA584}.Release|Any CPU.ActiveCfg = Release|Any CPU
		{2A96695E-BAA0-4BE0-97F1-C8AE2BFCA584}.Release|Any CPU.Build.0 = Release|Any CPU
		{2A96695E-BAA0-4BE0-97F1-C8AE2BFCA584}.Release|ARM.ActiveCfg = Release|Any CPU
		{2A96695E-BAA0-4BE0-97F1-C8AE2BFCA584}.Release|ARM.Build.0 = Release|Any CPU
		{2A96695E-BAA0-4BE0-97F1-C8AE2BFCA584}.Release|x64.ActiveCfg = Release|Any CPU
		{2A96695E-BAA0-4BE0-97F1-C8AE2BFCA584}.Release|x64.Build.0 = Release|Any CPU
		{2A96695E-BAA0-4BE0-97F1-C8AE2BFCA584}.Release|x86.ActiveCfg = Release|Any CPU
		{2A96695E-BAA0-4BE0-97F1-C8AE2BFCA584}.Release|x86.Build.0 = Release|Any CPU
	EndGlobalSection
	GlobalSection(SolutionProperties) = preSolution
		HideSolutionNode = FALSE
	EndGlobalSection
EndGlobal
